{
  "nodes": {
    "crane": {
      "locked": {
        "lastModified": 1780532242,
        "narHash": "sha256-D+BsdpxmtUwtqGoY0IXPhHgTlmqgcZKCEo1oMyn7ep0=",
        "owner": "ipetkov",
        "repo": "crane",
        "rev": "59a82a1222dd3b2080b5cc52a1a2e8d5f1b77f37",
        "type": "github"
      },
      "original": {
        "owner": "ipetkov",
        "repo": "crane",
        "type": "github"
      }
    },
    "flake-utils": {
      "inputs": {
        "systems": "systems"
      },
      "locked": {
        "lastModified": 1731533236,
        "narHash": "sha256-l0KFg5HjrsfsO/JpG+r7fRrqm12kzFHyUHqHCVpMMbI=",
        "owner": "numtide",
        "repo": "flake-utils",
        "rev": "11707dc2f618dd54ca8739b309ec4fc024de578b",
        "type": "github"
      },
      "original": {
        "owner": "numtide",
        "repo": "flake-utils",
        "type": "github"
      }
    },
    "gltf-to-png": {
      "inputs": {
        "nixpkgs": "nixpkgs"
      },
      "locked": {
        "lastModified": 1780172640,
        "narHash": "sha256-MgGHoffcez5RY0Z5df7wMnKmK6+bBanpqiOaFTuBK0s=",
        "owner": "M4jor-Tom",
        "repo": "gltf_to_png.py",
        "rev": "3daf5f11e7024954ac48ca394c9a0c79648a9019",
        "type": "github"
      },
      "original": {
        "owner": "M4jor-Tom",
        "repo": "gltf_to_png.py",
        "type": "github"
      }
    },
    "gltf-to-webm": {
      "inputs": {
        "nixpkgs": "nixpkgs_2"
      },
      "locked": {
        "lastModified": 1780174394,
        "narHash": "sha256-xPrxTd2p8yR8jkOF/2VEAhHyFhQce/MW4w+x5wZ43ig=",
        "owner": "M4jor-Tom",
        "repo": "gltf_to_webm.py",
        "rev": "e323008d12408fc464e49ade32edd467aa96ab61",
        "type": "github"
      },
      "original": {
        "owner": "M4jor-Tom",
        "repo": "gltf_to_webm.py",
        "type": "github"
      }
    },
    "graphify-src": {
      "flake": false,
      "locked": {
        "lastModified": 1781125272,
        "narHash": "sha256-IRXHpnUCSt7lFah7fRD7flGW2JHAcXs+Ag+oVLG5Oac=",
        "owner": "safishamsi",
        "repo": "graphify",
        "rev": "565026d3d10fb2d69bd01a5437433f278683fd8b",
        "type": "github"
      },
      "original": {
        "owner": "safishamsi",
        "ref": "v8",
        "repo": "graphify",
        "type": "github"
      }
    },
    "nixpkgs": {
      "locked": {
        "lastModified": 1779560665,
        "narHash": "sha256-tpyBcxPpcQb8ukyNF7DoCwfSY3VPsxHoYwj00Cayv5o=",
        "owner": "NixOS",
        "repo": "nixpkgs",
        "rev": "64c08a7ca051951c8eae34e3e3cb1e202fe36786",
        "type": "github"
      },
      "original": {
        "owner": "NixOS",
        "ref": "nixos-unstable",
        "repo": "nixpkgs",
        "type": "github"
      }
    },
    "nixpkgs_2": {
      "locked": {
        "lastModified": 1779560665,
        "narHash": "sha256-tpyBcxPpcQb8ukyNF7DoCwfSY3VPsxHoYwj00Cayv5o=",
        "owner": "NixOS",
        "repo": "nixpkgs",
        "rev": "64c08a7ca051951c8eae34e3e3cb1e202fe36786",
        "type": "github"
      },
      "original": {
        "owner": "NixOS",
        "ref": "nixos-unstable",
        "repo": "nixpkgs",
        "type": "github"
      }
    },
    "nixpkgs_3": {
      "locked": {
        "lastModified": 1780749050,
        "narHash": "sha256-3av0pIjlOWQ6rDbNOmpUSvbNnJkGORQKKjb4LtCZsIY=",
        "owner": "NixOS",
        "repo": "nixpkgs",
        "rev": "a799d3e3886da994fa307f817a6bc705ae538eeb",
        "type": "github"
      },
      "original": {
        "owner": "NixOS",
        "ref": "nixos-unstable",
        "repo": "nixpkgs",
        "type": "github"
      }
    },
    "root": {
      "inputs": {
        "crane": "crane",
        "flake-utils": "flake-utils",
        "gltf-to-png": "gltf-to-png",
        "gltf-to-webm": "gltf-to-webm",
        "graphify-src": "graphify-src",
        "nixpkgs": "nixpkgs_3"
      }
    },
    "systems": {
      "locked": {
        "lastModified": 1681028828,
        "narHash": "sha256-Vy1rq5AaRuLzOxct8nz4T6wlgyUR7zLU309k9mBC768=",
        "owner": "nix-systems",
        "repo": "default",
        "rev": "da67096a3b9bf56a91d16901293e51ba5b49a27e",
        "type": "github"
      },
      "original": {
        "owner": "nix-systems",
        "repo": "default",
        "type": "github"
      }
    }
  },
  "root": "root",
  "version": 7
}
