{
  "nodes": {
    "graphify-src": {
      "flake": false,
      "locked": {
        "lastModified": 1781125272,
        "narHash": "sha256-IRXHpnUCSt7lFah7fRD7flGW2JHAcXs+Ag+oVLG5Oac=",
        "owner": "safishamsi",
        "repo": "graphify",
        "rev": "565026d3d10fb2d69bd01a5437433f278683fd8b",
        "type": "github"
      },
      "original": {
        "owner": "safishamsi",
        "ref": "v8",
        "repo": "graphify",
        "type": "github"
      }
    },
    "nixpkgs": {
      "locked": {
        "lastModified": 1780749050,
        "narHash": "sha256-3av0pIjlOWQ6rDbNOmpUSvbNnJkGORQKKjb4LtCZsIY=",
        "owner": "NixOS",
        "repo": "nixpkgs",
        "rev": "a799d3e3886da994fa307f817a6bc705ae538eeb",
        "type": "github"
      },
      "original": {
        "owner": "NixOS",
        "ref": "nixos-unstable",
        "repo": "nixpkgs",
        "type": "github"
      }
    },
    "root": {
      "inputs": {
        "graphify-src": "graphify-src",
        "nixpkgs": "nixpkgs"
      }
    }
  },
  "root": "root",
  "version": 7
}
